// !$*UTF8*$!
{
	archiveVersion = 1;
	classes = {
	};
	objectVersion = 56;
	objects = {

/* Begin PBXBuildFile section */
		F14CCC8F2B1335BA00E8BDA0 /* AppDelegate.swift in Sources */ = {isa = PBXBuildFile; fileRef = F14CCC8E2B1335BA00E8BDA0 /* AppDelegate.swift */; };
		F14CCC912B1335BA00E8BDA0 /* SceneDelegate.swift in Sources */ = {isa = PBXBuildFile; fileRef = F14CCC902B1335BA00E8BDA0 /* SceneDelegate.swift */; };
		F14CCC932B1335BA00E8BDA0 /* ViewController.swift in Sources */ = {isa = PBXBuildFile; fileRef = F14CCC922B1335BA00E8BDA0 /* ViewController.swift */; };
		F14CCC962B1335BA00E8BDA0 /* Main.storyboard in Resources */ = {isa = PBXBuildFile; fileRef = F14CCC942B1335BA00E8BDA0 /* Main.storyboard */; };
		F14CCC982B1335BC00E8BDA0 /* Assets.xcassets in Resources */ = {isa = PBXBuildFile; fileRef = F14CCC972B1335BC00E8BDA0 /* Assets.xcassets */; };
		F14CCC9B2B1335BC00E8BDA0 /* LaunchScreen.storyboard in Resources */ = {isa = PBXBuildFile; fileRef = F14CCC992B1335BC00E8BDA0 /* LaunchScreen.storyboard */; };
		F14CCCB92B13377D00E8BDA0 /* SnapKit in Frameworks */ = {isa = PBXBuildFile; productRef = F14CCCB82B13377D00E8BDA0 /* SnapKit */; };
		F14CCCBC2B1337B100E8BDA0 /* RxCocoa in Frameworks */ = {isa = PBXBuildFile; productRef = F14CCCBB2B1337B100E8BDA0 /* RxCocoa */; };
		F14CCCBE2B1337B100E8BDA0 /* RxRelay in Frameworks */ = {isa = PBXBuildFile; productRef = F14CCCBD2B1337B100E8BDA0 /* RxRelay */; };
		F14CCCC02B1337B100E8BDA0 /* RxSwift in Frameworks */ = {isa = PBXBuildFile; productRef = F14CCCBF2B1337B100E8BDA0 /* RxSwift */; };
		F14CCCC22B1337B100E8BDA0 /* RxTest in Frameworks */ = {isa = PBXBuildFile; productRef = F14CCCC12B1337B100E8BDA0 /* RxTest */; };
		F14CCCC52B1337C000E8BDA0 /* RIBs in Frameworks */ = {isa = PBXBuildFile; productRef = F14CCCC42B1337C000E8BDA0 /* RIBs */; };
		F14CCCC82B13382D00E8BDA0 /* Markdown in Frameworks */ = {isa = PBXBuildFile; productRef = F14CCCC72B13382D00E8BDA0 /* Markdown */; };
/* End PBXBuildFile section */

/* Begin PBXFileReference section */
		F14CCC8B2B1335BA00E8BDA0 /* CSFarming.app */ = {isa = PBXFileReference; explicitFileType = wrapper.application; includeInIndex = 0; path = CSFarming.app; sourceTree = BUILT_PRODUCTS_DIR; };
		F14CCC8E2B1335BA00E8BDA0 /* AppDelegate.swift */ = {isa = PBXFileReference; lastKnownFileType = sourcecode.swift; path = AppDelegate.swift; sourceTree = "<group>"; };
		F14CCC902B1335BA00E8BDA0 /* SceneDelegate.swift */ = {isa = PBXFileReference; lastKnownFileType = sourcecode.swift; path = SceneDelegate.swift; sourceTree = "<group>"; };
		F14CCC922B1335BA00E8BDA0 /* ViewController.swift */ = {isa = PBXFileReference; lastKnownFileType = sourcecode.swift; path = ViewController.swift; sourceTree = "<group>"; };
		F14CCC952B1335BA00E8BDA0 /* Base */ = {isa = PBXFileReference; lastKnownFileType = file.storyboard; name = Base; path = Base.lproj/Main.storyboard; sourceTree = "<group>"; };
		F14CCC972B1335BC00E8BDA0 /* Assets.xcassets */ = {isa = PBXFileReference; lastKnownFileType = folder.assetcatalog; path = Assets.xcassets; sourceTree = "<group>"; };
		F14CCC9A2B1335BC00E8BDA0 /* Base */ = {isa = PBXFileReference; lastKnownFileType = file.storyboard; name = Base; path = Base.lproj/LaunchScreen.storyboard; sourceTree = "<group>"; };
		F14CCC9C2B1335BC00E8BDA0 /* Info.plist */ = {isa = PBXFileReference; lastKnownFileType = text.plist.xml; path = Info.plist; sourceTree = "<group>"; };
/* End PBXFileReference section */

/* Begin PBXFrameworksBuildPhase section */
		F14CCC882B1335BA00E8BDA0 /* Frameworks */ = {
			isa = PBXFrameworksBuildPhase;
			buildActionMask = 2147483647;
			files = (
				F14CCCC22B1337B100E8BDA0 /* RxTest in Frameworks */,
				F14CCCBE2B1337B100E8BDA0 /* RxRelay in Frameworks */,
				F14CCCC52B1337C000E8BDA0 /* RIBs in Frameworks */,
				F14CCCC82B13382D00E8BDA0 /* Markdown in Frameworks */,
				F14CCCBC2B1337B100E8BDA0 /* RxCocoa in Frameworks */,
				F14CCCC02B1337B100E8BDA0 /* RxSwift in Frameworks */,
				F14CCCB92B13377D00E8BDA0 /* SnapKit in Frameworks */,
			);
			runOnlyForDeploymentPostprocessing = 0;
		};
/* End PBXFrameworksBuildPhase section */

/* Begin PBXGroup section */
		F14CCC822B1335BA00E8BDA0 = {
			isa = PBXGroup;
			children = (
				F14CCC8D2B1335BA00E8BDA0 /* CSFarming */,
				F14CCC8C2B1335BA00E8BDA0 /* Products */,
			);
			sourceTree = "<group>";
		};
		F14CCC8C2B1335BA00E8BDA0 /* Products */ = {
			isa = PBXGroup;
			children = (
				F14CCC8B2B1335BA00E8BDA0 /* CSFarming.app */,
			);
			name = Products;
			sourceTree = "<group>";
		};
		F14CCC8D2B1335BA00E8BDA0 /* CSFarming */ = {
			isa = PBXGroup;
			children = (
				F14CCC8E2B1335BA00E8BDA0 /* AppDelegate.swift */,
				F14CCC902B1335BA00E8BDA0 /* SceneDelegate.swift */,
				F14CCC922B1335BA00E8BDA0 /* ViewController.swift */,
				F14CCC942B1335BA00E8BDA0 /* Main.storyboard */,
				F14CCC972B1335BC00E8BDA0 /* Assets.xcassets */,
				F14CCC992B1335BC00E8BDA0 /* LaunchScreen.storyboard */,
				F14CCC9C2B1335BC00E8BDA0 /* Info.plist */,
			);
			path = CSFarming;
			sourceTree = "<group>";
		};
/* End PBXGroup section */

/* Begin PBXNativeTarget section */
		F14CCC8A2B1335BA00E8BDA0 /* CSFarming */ = {
			isa = PBXNativeTarget;
			buildConfigurationList = F14CCC9F2B1335BC00E8BDA0 /* Build configuration list for PBXNativeTarget "CSFarming" */;
			buildPhases = (
				F14CCC872B1335BA00E8BDA0 /* Sources */,
				F14CCC882B1335BA00E8BDA0 /* Frameworks */,
				F14CCC892B1335BA00E8BDA0 /* Resources */,
			);
			buildRules = (
			);
			dependencies = (
			);
			name = CSFarming;
			packageProductDependencies = (
				F14CCCB82B13377D00E8BDA0 /* SnapKit */,
				F14CCCBB2B1337B100E8BDA0 /* RxCocoa */,
				F14CCCBD2B1337B100E8BDA0 /* RxRelay */,
				F14CCCBF2B1337B100E8BDA0 /* RxSwift */,
				F14CCCC12B1337B100E8BDA0 /* RxTest */,
				F14CCCC42B1337C000E8BDA0 /* RIBs */,
				F14CCCC72B13382D00E8BDA0 /* Markdown */,
			);
			productName = CSFarming;
			productReference = F14CCC8B2B1335BA00E8BDA0 /* CSFarming.app */;
			productType = "com.apple.product-type.application";
		};
/* End PBXNativeTarget section */

/* Begin PBXProject section */
		F14CCC832B1335BA00E8BDA0 /* Project object */ = {
			isa = PBXProject;
			attributes = {
				BuildIndependentTargetsInParallel = 1;
				LastSwiftUpdateCheck = 1500;
				LastUpgradeCheck = 1500;
				TargetAttributes = {
					F14CCC8A2B1335BA00E8BDA0 = {
						CreatedOnToolsVersion = 15.0.1;
					};
				};
			};
			buildConfigurationList = F14CCC862B1335BA00E8BDA0 /* Build configuration list for PBXProject "CSFarming" */;
			compatibilityVersion = "Xcode 14.0";
			developmentRegion = en;
			hasScannedForEncodings = 0;
			knownRegions = (
				en,
				Base,
			);
			mainGroup = F14CCC822B1335BA00E8BDA0;
			packageReferences = (
				F14CCCB72B13377D00E8BDA0 /* XCRemoteSwiftPackageReference "SnapKit" */,
				F14CCCBA2B1337B100E8BDA0 /* XCRemoteSwiftPackageReference "RxSwift" */,
				F14CCCC32B1337C000E8BDA0 /* XCRemoteSwiftPackageReference "RIBs" */,
				F14CCCC62B13382D00E8BDA0 /* XCRemoteSwiftPackageReference "swift-markdown" */,
			);
			productRefGroup = F14CCC8C2B1335BA00E8BDA0 /* Products */;
			projectDirPath = "";
			projectRoot = "";
			targets = (
				F14CCC8A2B1335BA00E8BDA0 /* CSFarming */,
			);
		};
/* End PBXProject section */

/* Begin PBXResourcesBuildPhase section */
		F14CCC892B1335BA00E8BDA0 /* Resources */ = {
			isa = PBXResourcesBuildPhase;
			buildActionMask = 2147483647;
			files = (
				F14CCC9B2B1335BC00E8BDA0 /* LaunchScreen.storyboard in Resources */,
				F14CCC982B1335BC00E8BDA0 /* Assets.xcassets in Resources */,
				F14CCC962B1335BA00E8BDA0 /* Main.storyboard in Resources */,
			);
			runOnlyForDeploymentPostprocessing = 0;
		};
/* End PBXResourcesBuildPhase section */

/* Begin PBXSourcesBuildPhase section */
		F14CCC872B1335BA00E8BDA0 /* Sources */ = {
			isa = PBXSourcesBuildPhase;
			buildActionMask = 2147483647;
			files = (
				F14CCC932B1335BA00E8BDA0 /* ViewController.swift in Sources */,
				F14CCC8F2B1335BA00E8BDA0 /* AppDelegate.swift in Sources */,
				F14CCC912B1335BA00E8BDA0 /* SceneDelegate.swift in Sources */,
			);
			runOnlyForDeploymentPostprocessing = 0;
		};
/* End PBXSourcesBuildPhase section */

/* Begin PBXVariantGroup section */
		F14CCC942B1335BA00E8BDA0 /* Main.storyboard */ = {
			isa = PBXVariantGroup;
			children = (
				F14CCC952B1335BA00E8BDA0 /* Base */,
			);
			name = Main.storyboard;
			sourceTree = "<group>";
		};
		F14CCC992B1335BC00E8BDA0 /* LaunchScreen.storyboard */ = {
			isa = PBXVariantGroup;
			children = (
				F14CCC9A2B1335BC00E8BDA0 /* Base */,
			);
			name = LaunchScreen.storyboard;
			sourceTree = "<group>";
		};
/* End PBXVariantGroup section */

/* Begin XCBuildConfiguration section */
		F14CCC9D2B1335BC00E8BDA0 /* Debug */ = {
			isa = XCBuildConfiguration;
			buildSettings = {
				ALWAYS_SEARCH_USER_PATHS = NO;
				ASSETCATALOG_COMPILER_GENERATE_SWIFT_ASSET_SYMBOL_EXTENSIONS = YES;
				CLANG_ANALYZER_NONNULL = YES;
				CLANG_ANALYZER_NUMBER_OBJECT_CONVERSION = YES_AGGRESSIVE;
				CLANG_CXX_LANGUAGE_STANDARD = "gnu++20";
				CLANG_ENABLE_MODULES = YES;
				CLANG_ENABLE_OBJC_ARC = YES;
				CLANG_ENABLE_OBJC_WEAK = YES;
				CLANG_WARN_BLOCK_CAPTURE_AUTORELEASING = YES;
				CLANG_WARN_BOOL_CONVERSION = YES;
				CLANG_WARN_COMMA = YES;
				CLANG_WARN_CONSTANT_CONVERSION = YES;
				CLANG_WARN_DEPRECATED_OBJC_IMPLEMENTATIONS = YES;
				CLANG_WARN_DIRECT_OBJC_ISA_USAGE = YES_ERROR;
				CLANG_WARN_DOCUMENTATION_COMMENTS = YES;
				CLANG_WARN_EMPTY_BODY = YES;
				CLANG_WARN_ENUM_CONVERSION = YES;
				CLANG_WARN_INFINITE_RECURSION = YES;
				CLANG_WARN_INT_CONVERSION = YES;
				CLANG_WARN_NON_LITERAL_NULL_CONVERSION = YES;
				CLANG_WARN_OBJC_IMPLICIT_RETAIN_SELF = YES;
				CLANG_WARN_OBJC_LITERAL_CONVERSION = YES;
				CLANG_WARN_OBJC_ROOT_CLASS = YES_ERROR;
				CLANG_WARN_QUOTED_INCLUDE_IN_FRAMEWORK_HEADER = YES;
				CLANG_WARN_RANGE_LOOP_ANALYSIS = YES;
				CLANG_WARN_STRICT_PROTOTYPES = YES;
				CLANG_WARN_SUSPICIOUS_MOVE = YES;
				CLANG_WARN_UNGUARDED_AVAILABILITY = YES_AGGRESSIVE;
				CLANG_WARN_UNREACHABLE_CODE = YES;
				CLANG_WARN__DUPLICATE_METHOD_MATCH = YES;
				COPY_PHASE_STRIP = NO;
				DEBUG_INFORMATION_FORMAT = dwarf;
				ENABLE_STRICT_OBJC_MSGSEND = YES;
				ENABLE_TESTABILITY = YES;
				ENABLE_USER_SCRIPT_SANDBOXING = YES;
				GCC_C_LANGUAGE_STANDARD = gnu17;
				GCC_DYNAMIC_NO_PIC = NO;
				GCC_NO_COMMON_BLOCKS = YES;
				GCC_OPTIMIZATION_LEVEL = 0;
				GCC_PREPROCESSOR_DEFINITIONS = (
					"DEBUG=1",
					"$(inherited)",
				);
				GCC_WARN_64_TO_32_BIT_CONVERSION = YES;
				GCC_WARN_ABOUT_RETURN_TYPE = YES_ERROR;
				GCC_WARN_UNDECLARED_SELECTOR = YES;
				GCC_WARN_UNINITIALIZED_AUTOS = YES_AGGRESSIVE;
				GCC_WARN_UNUSED_FUNCTION = YES;
				GCC_WARN_UNUSED_VARIABLE = YES;
				IPHONEOS_DEPLOYMENT_TARGET = 17.0;
				LOCALIZATION_PREFERS_STRING_CATALOGS = YES;
				MTL_ENABLE_DEBUG_INFO = INCLUDE_SOURCE;
				MTL_FAST_MATH = YES;
				ONLY_ACTIVE_ARCH = YES;
				SDKROOT = iphoneos;
				SWIFT_ACTIVE_COMPILATION_CONDITIONS = "DEBUG $(inherited)";
				SWIFT_OPTIMIZATION_LEVEL = "-Onone";
			};
			name = Debug;
		};
		F14CCC9E2B1335BC00E8BDA0 /* Release */ = {
			isa = XCBuildConfiguration;
			buildSettings = {
				ALWAYS_SEARCH_USER_PATHS = NO;
				ASSETCATALOG_COMPILER_GENERATE_SWIFT_ASSET_SYMBOL_EXTENSIONS = YES;
				CLANG_ANALYZER_NONNULL = YES;
				CLANG_ANALYZER_NUMBER_OBJECT_CONVERSION = YES_AGGRESSIVE;
				CLANG_CXX_LANGUAGE_STANDARD = "gnu++20";
				CLANG_ENABLE_MODULES = YES;
				CLANG_ENABLE_OBJC_ARC = YES;
				CLANG_ENABLE_OBJC_WEAK = YES;
				CLANG_WARN_BLOCK_CAPTURE_AUTORELEASING = YES;
				CLANG_WARN_BOOL_CONVERSION = YES;
				CLANG_WARN_COMMA = YES;
				CLANG_WARN_CONSTANT_CONVERSION = YES;
				CLANG_WARN_DEPRECATED_OBJC_IMPLEMENTATIONS = YES;
				CLANG_WARN_DIRECT_OBJC_ISA_USAGE = YES_ERROR;
				CLANG_WARN_DOCUMENTATION_COMMENTS = YES;
				CLANG_WARN_EMPTY_BODY = YES;
				CLANG_WARN_ENUM_CONVERSION = YES;
				CLANG_WARN_INFINITE_RECURSION = YES;
				CLANG_WARN_INT_CONVERSION = YES;
				CLANG_WARN_NON_LITERAL_NULL_CONVERSION = YES;
				CLANG_WARN_OBJC_IMPLICIT_RETAIN_SELF = YES;
				CLANG_WARN_OBJC_LITERAL_CONVERSION = YES;
				CLANG_WARN_OBJC_ROOT_CLASS = YES_ERROR;
				CLANG_WARN_QUOTED_INCLUDE_IN_FRAMEWORK_HEADER = YES;
				CLANG_WARN_RANGE_LOOP_ANALYSIS = YES;
				CLANG_WARN_STRICT_PROTOTYPES = YES;
				CLANG_WARN_SUSPICIOUS_MOVE = YES;
				CLANG_WARN_UNGUARDED_AVAILABILITY = YES_AGGRESSIVE;
				CLANG_WARN_UNREACHABLE_CODE = YES;
				CLANG_WARN__DUPLICATE_METHOD_MATCH = YES;
				COPY_PHASE_STRIP = NO;
				DEBUG_INFORMATION_FORMAT = "dwarf-with-dsym";
				ENABLE_NS_ASSERTIONS = NO;
				ENABLE_STRICT_OBJC_MSGSEND = YES;
				ENABLE_USER_SCRIPT_SANDBOXING = YES;
				GCC_C_LANGUAGE_STANDARD = gnu17;
				GCC_NO_COMMON_BLOCKS = YES;
				GCC_WARN_64_TO_32_BIT_CONVERSION = YES;
				GCC_WARN_ABOUT_RETURN_TYPE = YES_ERROR;
				GCC_WARN_UNDECLARED_SELECTOR = YES;
				GCC_WARN_UNINITIALIZED_AUTOS = YES_AGGRESSIVE;
				GCC_WARN_UNUSED_FUNCTION = YES;
				GCC_WARN_UNUSED_VARIABLE = YES;
				IPHONEOS_DEPLOYMENT_TARGET = 17.0;
				LOCALIZATION_PREFERS_STRING_CATALOGS = YES;
				MTL_ENABLE_DEBUG_INFO = NO;
				MTL_FAST_MATH = YES;
				SDKROOT = iphoneos;
				SWIFT_COMPILATION_MODE = wholemodule;
				VALIDATE_PRODUCT = YES;
			};
			name = Release;
		};
		F14CCCA02B1335BC00E8BDA0 /* Debug */ = {
			isa = XCBuildConfiguration;
			buildSettings = {
				ASSETCATALOG_COMPILER_APPICON_NAME = AppIcon;
				ASSETCATALOG_COMPILER_GLOBAL_ACCENT_COLOR_NAME = AccentColor;
				CODE_SIGN_STYLE = Automatic;
				CURRENT_PROJECT_VERSION = 1;
				DEVELOPMENT_TEAM = 62ZLDXLZ77;
				GENERATE_INFOPLIST_FILE = YES;
				INFOPLIST_FILE = CSFarming/Info.plist;
				INFOPLIST_KEY_UIApplicationSupportsIndirectInputEvents = YES;
				INFOPLIST_KEY_UILaunchStoryboardName = LaunchScreen;
				INFOPLIST_KEY_UIMainStoryboardFile = Main;
				INFOPLIST_KEY_UISupportedInterfaceOrientations_iPad = "UIInterfaceOrientationPortrait UIInterfaceOrientationPortraitUpsideDown UIInterfaceOrientationLandscapeLeft UIInterfaceOrientationLandscapeRight";
				INFOPLIST_KEY_UISupportedInterfaceOrientations_iPhone = "UIInterfaceOrientationPortrait UIInterfaceOrientationLandscapeLeft UIInterfaceOrientationLandscapeRight";
				LD_RUNPATH_SEARCH_PATHS = (
					"$(inherited)",
					"@executable_path/Frameworks",
				);
				MARKETING_VERSION = 1.0;
				PRODUCT_BUNDLE_IDENTIFIER = hogumachu.CSFarming;
				PRODUCT_NAME = "$(TARGET_NAME)";
				SWIFT_EMIT_LOC_STRINGS = YES;
				SWIFT_VERSION = 5.0;
				TARGETED_DEVICE_FAMILY = "1,2";
			};
			name = Debug;
		};
		F14CCCA12B1335BC00E8BDA0 /* Release */ = {
			isa = XCBuildConfiguration;
			buildSettings = {
				ASSETCATALOG_COMPILER_APPICON_NAME = AppIcon;
				ASSETCATALOG_COMPILER_GLOBAL_ACCENT_COLOR_NAME = AccentColor;
				CODE_SIGN_STYLE = Automatic;
				CURRENT_PROJECT_VERSION = 1;
				DEVELOPMENT_TEAM = 62ZLDXLZ77;
				GENERATE_INFOPLIST_FILE = YES;
				INFOPLIST_FILE = CSFarming/Info.plist;
				INFOPLIST_KEY_UIApplicationSupportsIndirectInputEvents = YES;
				INFOPLIST_KEY_UILaunchStoryboardName = LaunchScreen;
				INFOPLIST_KEY_UIMainStoryboardFile = Main;
				INFOPLIST_KEY_UISupportedInterfaceOrientations_iPad = "UIInterfaceOrientationPortrait UIInterfaceOrientationPortraitUpsideDown UIInterfaceOrientationLandscapeLeft UIInterfaceOrientationLandscapeRight";
				INFOPLIST_KEY_UISupportedInterfaceOrientations_iPhone = "UIInterfaceOrientationPortrait UIInterfaceOrientationLandscapeLeft UIInterfaceOrientationLandscapeRight";
				LD_RUNPATH_SEARCH_PATHS = (
					"$(inherited)",
					"@executable_path/Frameworks",
				);
				MARKETING_VERSION = 1.0;
				PRODUCT_BUNDLE_IDENTIFIER = hogumachu.CSFarming;
				PRODUCT_NAME = "$(TARGET_NAME)";
				SWIFT_EMIT_LOC_STRINGS = YES;
				SWIFT_VERSION = 5.0;
				TARGETED_DEVICE_FAMILY = "1,2";
			};
			name = Release;
		};
/* End XCBuildConfiguration section */

/* Begin XCConfigurationList section */
		F14CCC862B1335BA00E8BDA0 /* Build configuration list for PBXProject "CSFarming" */ = {
			isa = XCConfigurationList;
			buildConfigurations = (
				F14CCC9D2B1335BC00E8BDA0 /* Debug */,
				F14CCC9E2B1335BC00E8BDA0 /* Release */,
			);
			defaultConfigurationIsVisible = 0;
			defaultConfigurationName = Release;
		};
		F14CCC9F2B1335BC00E8BDA0 /* Build configuration list for PBXNativeTarget "CSFarming" */ = {
			isa = XCConfigurationList;
			buildConfigurations = (
				F14CCCA02B1335BC00E8BDA0 /* Debug */,
				F14CCCA12B1335BC00E8BDA0 /* Release */,
			);
			defaultConfigurationIsVisible = 0;
			defaultConfigurationName = Release;
		};
/* End XCConfigurationList section */

/* Begin XCRemoteSwiftPackageReference section */
		F14CCCB72B13377D00E8BDA0 /* XCRemoteSwiftPackageReference "SnapKit" */ = {
			isa = XCRemoteSwiftPackageReference;
			repositoryURL = "https://github.com/SnapKit/SnapKit";
			requirement = {
				kind = upToNextMajorVersion;
				minimumVersion = 5.6.0;
			};
		};
		F14CCCBA2B1337B100E8BDA0 /* XCRemoteSwiftPackageReference "RxSwift" */ = {
			isa = XCRemoteSwiftPackageReference;
			repositoryURL = "https://github.com/ReactiveX/RxSwift";
			requirement = {
				kind = upToNextMajorVersion;
				minimumVersion = 6.6.0;
			};
		};
		F14CCCC32B1337C000E8BDA0 /* XCRemoteSwiftPackageReference "RIBs" */ = {
			isa = XCRemoteSwiftPackageReference;
			repositoryURL = "https://github.com/uber/RIBs";
			requirement = {
				kind = upToNextMajorVersion;
				minimumVersion = 0.9.2;
			};
		};
		F14CCCC62B13382D00E8BDA0 /* XCRemoteSwiftPackageReference "swift-markdown" */ = {
			isa = XCRemoteSwiftPackageReference;
			repositoryURL = "https://github.com/apple/swift-markdown.git";
			requirement = {
				kind = upToNextMajorVersion;
				minimumVersion = 0.3.0;
			};
		};
/* End XCRemoteSwiftPackageReference section */

/* Begin XCSwiftPackageProductDependency section */
		F14CCCB82B13377D00E8BDA0 /* SnapKit */ = {
			isa = XCSwiftPackageProductDependency;
			package = F14CCCB72B13377D00E8BDA0 /* XCRemoteSwiftPackageReference "SnapKit" */;
			productName = SnapKit;
		};
		F14CCCBB2B1337B100E8BDA0 /* RxCocoa */ = {
			isa = XCSwiftPackageProductDependency;
			package = F14CCCBA2B1337B100E8BDA0 /* XCRemoteSwiftPackageReference "RxSwift" */;
			productName = RxCocoa;
		};
		F14CCCBD2B1337B100E8BDA0 /* RxRelay */ = {
			isa = XCSwiftPackageProductDependency;
			package = F14CCCBA2B1337B100E8BDA0 /* XCRemoteSwiftPackageReference "RxSwift" */;
			productName = RxRelay;
		};
		F14CCCBF2B1337B100E8BDA0 /* RxSwift */ = {
			isa = XCSwiftPackageProductDependency;
			package = F14CCCBA2B1337B100E8BDA0 /* XCRemoteSwiftPackageReference "RxSwift" */;
			productName = RxSwift;
		};
		F14CCCC12B1337B100E8BDA0 /* RxTest */ = {
			isa = XCSwiftPackageProductDependency;
			package = F14CCCBA2B1337B100E8BDA0 /* XCRemoteSwiftPackageReference "RxSwift" */;
			productName = RxTest;
		};
		F14CCCC42B1337C000E8BDA0 /* RIBs */ = {
			isa = XCSwiftPackageProductDependency;
			package = F14CCCC32B1337C000E8BDA0 /* XCRemoteSwiftPackageReference "RIBs" */;
			productName = RIBs;
		};
		F14CCCC72B13382D00E8BDA0 /* Markdown */ = {
			isa = XCSwiftPackageProductDependency;
			package = F14CCCC62B13382D00E8BDA0 /* XCRemoteSwiftPackageReference "swift-markdown" */;
			productName = Markdown;
		};
/* End XCSwiftPackageProductDependency section */
	};
	rootObject = F14CCC832B1335BA00E8BDA0 /* Project object */;
}
