// !$*UTF8*$!
{
	archiveVersion = 1;
	classes = {
	};
	objectVersion = 56;
	objects = {

/* Begin PBXBuildFile section */
		F14CCC982B1335BC00E8BDA0 /* Assets.xcassets in Resources */ = {isa = PBXBuildFile; fileRef = F14CCC972B1335BC00E8BDA0 /* Assets.xcassets */; };
		F14CCC9B2B1335BC00E8BDA0 /* LaunchScreen.storyboard in Resources */ = {isa = PBXBuildFile; fileRef = F14CCC992B1335BC00E8BDA0 /* LaunchScreen.storyboard */; };
		F17BAC212B133CD200FECB54 /* AppRootRouter.swift in Sources */ = {isa = PBXBuildFile; fileRef = F14CCCCB2B1339F100E8BDA0 /* AppRootRouter.swift */; };
		F17BAC222B133CD200FECB54 /* AppRootViewController.swift in Sources */ = {isa = PBXBuildFile; fileRef = F14CCCCC2B1339F100E8BDA0 /* AppRootViewController.swift */; };
		F17BAC232B133CD200FECB54 /* AppRootBuilder.swift in Sources */ = {isa = PBXBuildFile; fileRef = F14CCCCD2B1339F100E8BDA0 /* AppRootBuilder.swift */; };
		F17BAC242B133CD200FECB54 /* AppRootInteractor.swift in Sources */ = {isa = PBXBuildFile; fileRef = F14CCCCE2B1339F100E8BDA0 /* AppRootInteractor.swift */; };
		F17BAC252B133CD200FECB54 /* AppDelegate.swift in Sources */ = {isa = PBXBuildFile; fileRef = F14CCC8E2B1335BA00E8BDA0 /* AppDelegate.swift */; };
		F17BAC262B133CD200FECB54 /* SceneDelegate.swift in Sources */ = {isa = PBXBuildFile; fileRef = F14CCC902B1335BA00E8BDA0 /* SceneDelegate.swift */; };
		F17BAC272B133CD200FECB54 /* AppComponent.swift in Sources */ = {isa = PBXBuildFile; fileRef = F14CCCD32B133A7000E8BDA0 /* AppComponent.swift */; };
		F17BAC2A2B133D3400FECB54 /* Markdown in Frameworks */ = {isa = PBXBuildFile; productRef = F17BAC292B133D3400FECB54 /* Markdown */; };
		F17BAC2D2B133D4000FECB54 /* RIBs in Frameworks */ = {isa = PBXBuildFile; productRef = F17BAC2C2B133D4000FECB54 /* RIBs */; };
		F17BAC302B133D4C00FECB54 /* RxBlocking in Frameworks */ = {isa = PBXBuildFile; productRef = F17BAC2F2B133D4C00FECB54 /* RxBlocking */; };
		F17BAC342B133D4C00FECB54 /* RxCocoa in Frameworks */ = {isa = PBXBuildFile; productRef = F17BAC332B133D4C00FECB54 /* RxCocoa */; };
		F17BAC382B133D4C00FECB54 /* RxRelay in Frameworks */ = {isa = PBXBuildFile; productRef = F17BAC372B133D4C00FECB54 /* RxRelay */; };
		F17BAC3B2B133D5800FECB54 /* SnapKit in Frameworks */ = {isa = PBXBuildFile; productRef = F17BAC3A2B133D5800FECB54 /* SnapKit */; };
		F17BAC422B13431100FECB54 /* RIBsUtil in Frameworks */ = {isa = PBXBuildFile; productRef = F17BAC412B13431100FECB54 /* RIBsUtil */; };
		F17BAC442B13431100FECB54 /* RxUtil in Frameworks */ = {isa = PBXBuildFile; productRef = F17BAC432B13431100FECB54 /* RxUtil */; };
		F17BAC472B13480A00FECB54 /* DesignKit in Frameworks */ = {isa = PBXBuildFile; productRef = F17BAC462B13480A00FECB54 /* DesignKit */; };
/* End PBXBuildFile section */

/* Begin PBXFileReference section */
		F14CCC8B2B1335BA00E8BDA0 /* CSFarming.app */ = {isa = PBXFileReference; explicitFileType = wrapper.application; includeInIndex = 0; path = CSFarming.app; sourceTree = BUILT_PRODUCTS_DIR; };
		F14CCC8E2B1335BA00E8BDA0 /* AppDelegate.swift */ = {isa = PBXFileReference; lastKnownFileType = sourcecode.swift; path = AppDelegate.swift; sourceTree = "<group>"; };
		F14CCC902B1335BA00E8BDA0 /* SceneDelegate.swift */ = {isa = PBXFileReference; lastKnownFileType = sourcecode.swift; path = SceneDelegate.swift; sourceTree = "<group>"; };
		F14CCC972B1335BC00E8BDA0 /* Assets.xcassets */ = {isa = PBXFileReference; lastKnownFileType = folder.assetcatalog; path = Assets.xcassets; sourceTree = "<group>"; };
		F14CCC9A2B1335BC00E8BDA0 /* Base */ = {isa = PBXFileReference; lastKnownFileType = file.storyboard; name = Base; path = Base.lproj/LaunchScreen.storyboard; sourceTree = "<group>"; };
		F14CCC9C2B1335BC00E8BDA0 /* Info.plist */ = {isa = PBXFileReference; lastKnownFileType = text.plist.xml; path = Info.plist; sourceTree = "<group>"; };
		F14CCCCB2B1339F100E8BDA0 /* AppRootRouter.swift */ = {isa = PBXFileReference; lastKnownFileType = sourcecode.swift; path = AppRootRouter.swift; sourceTree = "<group>"; };
		F14CCCCC2B1339F100E8BDA0 /* AppRootViewController.swift */ = {isa = PBXFileReference; lastKnownFileType = sourcecode.swift; path = AppRootViewController.swift; sourceTree = "<group>"; };
		F14CCCCD2B1339F100E8BDA0 /* AppRootBuilder.swift */ = {isa = PBXFileReference; lastKnownFileType = sourcecode.swift; path = AppRootBuilder.swift; sourceTree = "<group>"; };
		F14CCCCE2B1339F100E8BDA0 /* AppRootInteractor.swift */ = {isa = PBXFileReference; lastKnownFileType = sourcecode.swift; path = AppRootInteractor.swift; sourceTree = "<group>"; };
		F14CCCD32B133A7000E8BDA0 /* AppComponent.swift */ = {isa = PBXFileReference; lastKnownFileType = sourcecode.swift; path = AppComponent.swift; sourceTree = "<group>"; };
		F17BAC3F2B133E7600FECB54 /* Core */ = {isa = PBXFileReference; lastKnownFileType = wrapper; path = Core; sourceTree = "<group>"; };
		F17BAC452B13475600FECB54 /* DesignKit */ = {isa = PBXFileReference; lastKnownFileType = wrapper; path = DesignKit; sourceTree = "<group>"; };
/* End PBXFileReference section */

/* Begin PBXFrameworksBuildPhase section */
		F14CCC882B1335BA00E8BDA0 /* Frameworks */ = {
			isa = PBXFrameworksBuildPhase;
			buildActionMask = 2147483647;
			files = (
				F17BAC2D2B133D4000FECB54 /* RIBs in Frameworks */,
				F17BAC3B2B133D5800FECB54 /* SnapKit in Frameworks */,
				F17BAC302B133D4C00FECB54 /* RxBlocking in Frameworks */,
				F17BAC382B133D4C00FECB54 /* RxRelay in Frameworks */,
				F17BAC342B133D4C00FECB54 /* RxCocoa in Frameworks */,
				F17BAC472B13480A00FECB54 /* DesignKit in Frameworks */,
				F17BAC422B13431100FECB54 /* RIBsUtil in Frameworks */,
				F17BAC442B13431100FECB54 /* RxUtil in Frameworks */,
				F17BAC2A2B133D3400FECB54 /* Markdown in Frameworks */,
			);
			runOnlyForDeploymentPostprocessing = 0;
		};
/* End PBXFrameworksBuildPhase section */

/* Begin PBXGroup section */
		F14CCC822B1335BA00E8BDA0 = {
			isa = PBXGroup;
			children = (
				F17BAC452B13475600FECB54 /* DesignKit */,
				F17BAC3F2B133E7600FECB54 /* Core */,
				F14CCC8D2B1335BA00E8BDA0 /* CSFarming */,
				F14CCC8C2B1335BA00E8BDA0 /* Products */,
				F17BAC402B13431100FECB54 /* Frameworks */,
			);
			sourceTree = "<group>";
		};
		F14CCC8C2B1335BA00E8BDA0 /* Products */ = {
			isa = PBXGroup;
			children = (
				F14CCC8B2B1335BA00E8BDA0 /* CSFarming.app */,
			);
			name = Products;
			sourceTree = "<group>";
		};
		F14CCC8D2B1335BA00E8BDA0 /* CSFarming */ = {
			isa = PBXGroup;
			children = (
				F14CCCCA2B1339B000E8BDA0 /* Root */,
				F14CCCC92B13397500E8BDA0 /* App */,
			);
			path = CSFarming;
			sourceTree = "<group>";
		};
		F14CCCC92B13397500E8BDA0 /* App */ = {
			isa = PBXGroup;
			children = (
				F14CCC972B1335BC00E8BDA0 /* Assets.xcassets */,
				F14CCC992B1335BC00E8BDA0 /* LaunchScreen.storyboard */,
				F14CCC9C2B1335BC00E8BDA0 /* Info.plist */,
				F14CCC8E2B1335BA00E8BDA0 /* AppDelegate.swift */,
				F14CCC902B1335BA00E8BDA0 /* SceneDelegate.swift */,
				F14CCCD32B133A7000E8BDA0 /* AppComponent.swift */,
			);
			path = App;
			sourceTree = "<group>";
		};
		F14CCCCA2B1339B000E8BDA0 /* Root */ = {
			isa = PBXGroup;
			children = (
				F14CCCCB2B1339F100E8BDA0 /* AppRootRouter.swift */,
				F14CCCCC2B1339F100E8BDA0 /* AppRootViewController.swift */,
				F14CCCCD2B1339F100E8BDA0 /* AppRootBuilder.swift */,
				F14CCCCE2B1339F100E8BDA0 /* AppRootInteractor.swift */,
			);
			path = Root;
			sourceTree = "<group>";
		};
		F17BAC402B13431100FECB54 /* Frameworks */ = {
			isa = PBXGroup;
			children = (
			);
			name = Frameworks;
			sourceTree = "<group>";
		};
/* End PBXGroup section */

/* Begin PBXNativeTarget section */
		F14CCC8A2B1335BA00E8BDA0 /* CSFarming */ = {
			isa = PBXNativeTarget;
			buildConfigurationList = F14CCC9F2B1335BC00E8BDA0 /* Build configuration list for PBXNativeTarget "CSFarming" */;
			buildPhases = (
				F14CCC872B1335BA00E8BDA0 /* Sources */,
				F14CCC882B1335BA00E8BDA0 /* Frameworks */,
				F14CCC892B1335BA00E8BDA0 /* Resources */,
			);
			buildRules = (
			);
			dependencies = (
			);
			name = CSFarming;
			packageProductDependencies = (
				F17BAC292B133D3400FECB54 /* Markdown */,
				F17BAC2C2B133D4000FECB54 /* RIBs */,
				F17BAC2F2B133D4C00FECB54 /* RxBlocking */,
				F17BAC332B133D4C00FECB54 /* RxCocoa */,
				F17BAC372B133D4C00FECB54 /* RxRelay */,
				F17BAC3A2B133D5800FECB54 /* SnapKit */,
				F17BAC412B13431100FECB54 /* RIBsUtil */,
				F17BAC432B13431100FECB54 /* RxUtil */,
				F17BAC462B13480A00FECB54 /* DesignKit */,
			);
			productName = CSFarming;
			productReference = F14CCC8B2B1335BA00E8BDA0 /* CSFarming.app */;
			productType = "com.apple.product-type.application";
		};
/* End PBXNativeTarget section */

/* Begin PBXProject section */
		F14CCC832B1335BA00E8BDA0 /* Project object */ = {
			isa = PBXProject;
			attributes = {
				BuildIndependentTargetsInParallel = 1;
				LastSwiftUpdateCheck = 1500;
				LastUpgradeCheck = 1500;
				TargetAttributes = {
					F14CCC8A2B1335BA00E8BDA0 = {
						CreatedOnToolsVersion = 15.0.1;
					};
				};
			};
			buildConfigurationList = F14CCC862B1335BA00E8BDA0 /* Build configuration list for PBXProject "CSFarming" */;
			compatibilityVersion = "Xcode 14.0";
			developmentRegion = en;
			hasScannedForEncodings = 0;
			knownRegions = (
				en,
				Base,
			);
			mainGroup = F14CCC822B1335BA00E8BDA0;
			packageReferences = (
				F17BAC282B133D3400FECB54 /* XCRemoteSwiftPackageReference "swift-markdown" */,
				F17BAC2B2B133D4000FECB54 /* XCRemoteSwiftPackageReference "RIBs" */,
				F17BAC2E2B133D4C00FECB54 /* XCRemoteSwiftPackageReference "RxSwift" */,
				F17BAC392B133D5800FECB54 /* XCRemoteSwiftPackageReference "SnapKit" */,
			);
			productRefGroup = F14CCC8C2B1335BA00E8BDA0 /* Products */;
			projectDirPath = "";
			projectRoot = "";
			targets = (
				F14CCC8A2B1335BA00E8BDA0 /* CSFarming */,
			);
		};
/* End PBXProject section */

/* Begin PBXResourcesBuildPhase section */
		F14CCC892B1335BA00E8BDA0 /* Resources */ = {
			isa = PBXResourcesBuildPhase;
			buildActionMask = 2147483647;
			files = (
				F14CCC9B2B1335BC00E8BDA0 /* LaunchScreen.storyboard in Resources */,
				F14CCC982B1335BC00E8BDA0 /* Assets.xcassets in Resources */,
			);
			runOnlyForDeploymentPostprocessing = 0;
		};
/* End PBXResourcesBuildPhase section */

/* Begin PBXSourcesBuildPhase section */
		F14CCC872B1335BA00E8BDA0 /* Sources */ = {
			isa = PBXSourcesBuildPhase;
			buildActionMask = 2147483647;
			files = (
				F17BAC212B133CD200FECB54 /* AppRootRouter.swift in Sources */,
				F17BAC222B133CD200FECB54 /* AppRootViewController.swift in Sources */,
				F17BAC232B133CD200FECB54 /* AppRootBuilder.swift in Sources */,
				F17BAC242B133CD200FECB54 /* AppRootInteractor.swift in Sources */,
				F17BAC252B133CD200FECB54 /* AppDelegate.swift in Sources */,
				F17BAC262B133CD200FECB54 /* SceneDelegate.swift in Sources */,
				F17BAC272B133CD200FECB54 /* AppComponent.swift in Sources */,
			);
			runOnlyForDeploymentPostprocessing = 0;
		};
/* End PBXSourcesBuildPhase section */

/* Begin PBXVariantGroup section */
		F14CCC992B1335BC00E8BDA0 /* LaunchScreen.storyboard */ = {
			isa = PBXVariantGroup;
			children = (
				F14CCC9A2B1335BC00E8BDA0 /* Base */,
			);
			name = LaunchScreen.storyboard;
			sourceTree = "<group>";
		};
/* End PBXVariantGroup section */

/* Begin XCBuildConfiguration section */
		F14CCC9D2B1335BC00E8BDA0 /* Debug */ = {
			isa = XCBuildConfiguration;
			buildSettings = {
				ALWAYS_SEARCH_USER_PATHS = NO;
				ASSETCATALOG_COMPILER_GENERATE_SWIFT_ASSET_SYMBOL_EXTENSIONS = YES;
				CLANG_ANALYZER_NONNULL = YES;
				CLANG_ANALYZER_NUMBER_OBJECT_CONVERSION = YES_AGGRESSIVE;
				CLANG_CXX_LANGUAGE_STANDARD = "gnu++20";
				CLANG_ENABLE_MODULES = YES;
				CLANG_ENABLE_OBJC_ARC = YES;
				CLANG_ENABLE_OBJC_WEAK = YES;
				CLANG_WARN_BLOCK_CAPTURE_AUTORELEASING = YES;
				CLANG_WARN_BOOL_CONVERSION = YES;
				CLANG_WARN_COMMA = YES;
				CLANG_WARN_CONSTANT_CONVERSION = YES;
				CLANG_WARN_DEPRECATED_OBJC_IMPLEMENTATIONS = YES;
				CLANG_WARN_DIRECT_OBJC_ISA_USAGE = YES_ERROR;
				CLANG_WARN_DOCUMENTATION_COMMENTS = YES;
				CLANG_WARN_EMPTY_BODY = YES;
				CLANG_WARN_ENUM_CONVERSION = YES;
				CLANG_WARN_INFINITE_RECURSION = YES;
				CLANG_WARN_INT_CONVERSION = YES;
				CLANG_WARN_NON_LITERAL_NULL_CONVERSION = YES;
				CLANG_WARN_OBJC_IMPLICIT_RETAIN_SELF = YES;
				CLANG_WARN_OBJC_LITERAL_CONVERSION = YES;
				CLANG_WARN_OBJC_ROOT_CLASS = YES_ERROR;
				CLANG_WARN_QUOTED_INCLUDE_IN_FRAMEWORK_HEADER = YES;
				CLANG_WARN_RANGE_LOOP_ANALYSIS = YES;
				CLANG_WARN_STRICT_PROTOTYPES = YES;
				CLANG_WARN_SUSPICIOUS_MOVE = YES;
				CLANG_WARN_UNGUARDED_AVAILABILITY = YES_AGGRESSIVE;
				CLANG_WARN_UNREACHABLE_CODE = YES;
				CLANG_WARN__DUPLICATE_METHOD_MATCH = YES;
				COPY_PHASE_STRIP = NO;
				DEBUG_INFORMATION_FORMAT = dwarf;
				ENABLE_STRICT_OBJC_MSGSEND = YES;
				ENABLE_TESTABILITY = YES;
				ENABLE_USER_SCRIPT_SANDBOXING = YES;
				GCC_C_LANGUAGE_STANDARD = gnu17;
				GCC_DYNAMIC_NO_PIC = NO;
				GCC_NO_COMMON_BLOCKS = YES;
				GCC_OPTIMIZATION_LEVEL = 0;
				GCC_PREPROCESSOR_DEFINITIONS = (
					"DEBUG=1",
					"$(inherited)",
				);
				GCC_WARN_64_TO_32_BIT_CONVERSION = YES;
				GCC_WARN_ABOUT_RETURN_TYPE = YES_ERROR;
				GCC_WARN_UNDECLARED_SELECTOR = YES;
				GCC_WARN_UNINITIALIZED_AUTOS = YES_AGGRESSIVE;
				GCC_WARN_UNUSED_FUNCTION = YES;
				GCC_WARN_UNUSED_VARIABLE = YES;
				IPHONEOS_DEPLOYMENT_TARGET = 17.0;
				LOCALIZATION_PREFERS_STRING_CATALOGS = YES;
				MTL_ENABLE_DEBUG_INFO = INCLUDE_SOURCE;
				MTL_FAST_MATH = YES;
				ONLY_ACTIVE_ARCH = YES;
				SDKROOT = iphoneos;
				SWIFT_ACTIVE_COMPILATION_CONDITIONS = "DEBUG $(inherited)";
				SWIFT_OPTIMIZATION_LEVEL = "-Onone";
			};
			name = Debug;
		};
		F14CCC9E2B1335BC00E8BDA0 /* Release */ = {
			isa = XCBuildConfiguration;
			buildSettings = {
				ALWAYS_SEARCH_USER_PATHS = NO;
				ASSETCATALOG_COMPILER_GENERATE_SWIFT_ASSET_SYMBOL_EXTENSIONS = YES;
				CLANG_ANALYZER_NONNULL = YES;
				CLANG_ANALYZER_NUMBER_OBJECT_CONVERSION = YES_AGGRESSIVE;
				CLANG_CXX_LANGUAGE_STANDARD = "gnu++20";
				CLANG_ENABLE_MODULES = YES;
				CLANG_ENABLE_OBJC_ARC = YES;
				CLANG_ENABLE_OBJC_WEAK = YES;
				CLANG_WARN_BLOCK_CAPTURE_AUTORELEASING = YES;
				CLANG_WARN_BOOL_CONVERSION = YES;
				CLANG_WARN_COMMA = YES;
				CLANG_WARN_CONSTANT_CONVERSION = YES;
				CLANG_WARN_DEPRECATED_OBJC_IMPLEMENTATIONS = YES;
				CLANG_WARN_DIRECT_OBJC_ISA_USAGE = YES_ERROR;
				CLANG_WARN_DOCUMENTATION_COMMENTS = YES;
				CLANG_WARN_EMPTY_BODY = YES;
				CLANG_WARN_ENUM_CONVERSION = YES;
				CLANG_WARN_INFINITE_RECURSION = YES;
				CLANG_WARN_INT_CONVERSION = YES;
				CLANG_WARN_NON_LITERAL_NULL_CONVERSION = YES;
				CLANG_WARN_OBJC_IMPLICIT_RETAIN_SELF = YES;
				CLANG_WARN_OBJC_LITERAL_CONVERSION = YES;
				CLANG_WARN_OBJC_ROOT_CLASS = YES_ERROR;
				CLANG_WARN_QUOTED_INCLUDE_IN_FRAMEWORK_HEADER = YES;
				CLANG_WARN_RANGE_LOOP_ANALYSIS = YES;
				CLANG_WARN_STRICT_PROTOTYPES = YES;
				CLANG_WARN_SUSPICIOUS_MOVE = YES;
				CLANG_WARN_UNGUARDED_AVAILABILITY = YES_AGGRESSIVE;
				CLANG_WARN_UNREACHABLE_CODE = YES;
				CLANG_WARN__DUPLICATE_METHOD_MATCH = YES;
				COPY_PHASE_STRIP = NO;
				DEBUG_INFORMATION_FORMAT = "dwarf-with-dsym";
				ENABLE_NS_ASSERTIONS = NO;
				ENABLE_STRICT_OBJC_MSGSEND = YES;
				ENABLE_USER_SCRIPT_SANDBOXING = YES;
				GCC_C_LANGUAGE_STANDARD = gnu17;
				GCC_NO_COMMON_BLOCKS = YES;
				GCC_WARN_64_TO_32_BIT_CONVERSION = YES;
				GCC_WARN_ABOUT_RETURN_TYPE = YES_ERROR;
				GCC_WARN_UNDECLARED_SELECTOR = YES;
				GCC_WARN_UNINITIALIZED_AUTOS = YES_AGGRESSIVE;
				GCC_WARN_UNUSED_FUNCTION = YES;
				GCC_WARN_UNUSED_VARIABLE = YES;
				IPHONEOS_DEPLOYMENT_TARGET = 17.0;
				LOCALIZATION_PREFERS_STRING_CATALOGS = YES;
				MTL_ENABLE_DEBUG_INFO = NO;
				MTL_FAST_MATH = YES;
				SDKROOT = iphoneos;
				SWIFT_COMPILATION_MODE = wholemodule;
				VALIDATE_PRODUCT = YES;
			};
			name = Release;
		};
		F14CCCA02B1335BC00E8BDA0 /* Debug */ = {
			isa = XCBuildConfiguration;
			buildSettings = {
				ASSETCATALOG_COMPILER_APPICON_NAME = AppIcon;
				ASSETCATALOG_COMPILER_GLOBAL_ACCENT_COLOR_NAME = AccentColor;
				CODE_SIGN_STYLE = Automatic;
				CURRENT_PROJECT_VERSION = 1;
				DEVELOPMENT_TEAM = 62ZLDXLZ77;
				GENERATE_INFOPLIST_FILE = YES;
				INFOPLIST_FILE = CSFarming/App/Info.plist;
				INFOPLIST_KEY_UIApplicationSupportsIndirectInputEvents = YES;
				INFOPLIST_KEY_UILaunchStoryboardName = LaunchScreen;
				INFOPLIST_KEY_UISupportedInterfaceOrientations_iPad = "UIInterfaceOrientationPortrait UIInterfaceOrientationPortraitUpsideDown UIInterfaceOrientationLandscapeLeft UIInterfaceOrientationLandscapeRight";
				INFOPLIST_KEY_UISupportedInterfaceOrientations_iPhone = "UIInterfaceOrientationPortrait UIInterfaceOrientationLandscapeLeft UIInterfaceOrientationLandscapeRight";
				LD_RUNPATH_SEARCH_PATHS = (
					"$(inherited)",
					"@executable_path/Frameworks",
				);
				MARKETING_VERSION = 1.0;
				PRODUCT_BUNDLE_IDENTIFIER = hogumachu.CSFarming;
				PRODUCT_NAME = "$(TARGET_NAME)";
				SWIFT_EMIT_LOC_STRINGS = YES;
				SWIFT_VERSION = 5.0;
				TARGETED_DEVICE_FAMILY = "1,2";
			};
			name = Debug;
		};
		F14CCCA12B1335BC00E8BDA0 /* Release */ = {
			isa = XCBuildConfiguration;
			buildSettings = {
				ASSETCATALOG_COMPILER_APPICON_NAME = AppIcon;
				ASSETCATALOG_COMPILER_GLOBAL_ACCENT_COLOR_NAME = AccentColor;
				CODE_SIGN_STYLE = Automatic;
				CURRENT_PROJECT_VERSION = 1;
				DEVELOPMENT_TEAM = 62ZLDXLZ77;
				GENERATE_INFOPLIST_FILE = YES;
				INFOPLIST_FILE = CSFarming/App/Info.plist;
				INFOPLIST_KEY_UIApplicationSupportsIndirectInputEvents = YES;
				INFOPLIST_KEY_UILaunchStoryboardName = LaunchScreen;
				INFOPLIST_KEY_UISupportedInterfaceOrientations_iPad = "UIInterfaceOrientationPortrait UIInterfaceOrientationPortraitUpsideDown UIInterfaceOrientationLandscapeLeft UIInterfaceOrientationLandscapeRight";
				INFOPLIST_KEY_UISupportedInterfaceOrientations_iPhone = "UIInterfaceOrientationPortrait UIInterfaceOrientationLandscapeLeft UIInterfaceOrientationLandscapeRight";
				LD_RUNPATH_SEARCH_PATHS = (
					"$(inherited)",
					"@executable_path/Frameworks",
				);
				MARKETING_VERSION = 1.0;
				PRODUCT_BUNDLE_IDENTIFIER = hogumachu.CSFarming;
				PRODUCT_NAME = "$(TARGET_NAME)";
				SWIFT_EMIT_LOC_STRINGS = YES;
				SWIFT_VERSION = 5.0;
				TARGETED_DEVICE_FAMILY = "1,2";
			};
			name = Release;
		};
/* End XCBuildConfiguration section */

/* Begin XCConfigurationList section */
		F14CCC862B1335BA00E8BDA0 /* Build configuration list for PBXProject "CSFarming" */ = {
			isa = XCConfigurationList;
			buildConfigurations = (
				F14CCC9D2B1335BC00E8BDA0 /* Debug */,
				F14CCC9E2B1335BC00E8BDA0 /* Release */,
			);
			defaultConfigurationIsVisible = 0;
			defaultConfigurationName = Release;
		};
		F14CCC9F2B1335BC00E8BDA0 /* Build configuration list for PBXNativeTarget "CSFarming" */ = {
			isa = XCConfigurationList;
			buildConfigurations = (
				F14CCCA02B1335BC00E8BDA0 /* Debug */,
				F14CCCA12B1335BC00E8BDA0 /* Release */,
			);
			defaultConfigurationIsVisible = 0;
			defaultConfigurationName = Release;
		};
/* End XCConfigurationList section */

/* Begin XCRemoteSwiftPackageReference section */
		F17BAC282B133D3400FECB54 /* XCRemoteSwiftPackageReference "swift-markdown" */ = {
			isa = XCRemoteSwiftPackageReference;
			repositoryURL = "https://github.com/apple/swift-markdown.git";
			requirement = {
				kind = upToNextMajorVersion;
				minimumVersion = 0.3.0;
			};
		};
		F17BAC2B2B133D4000FECB54 /* XCRemoteSwiftPackageReference "RIBs" */ = {
			isa = XCRemoteSwiftPackageReference;
			repositoryURL = "https://github.com/uber/RIBs";
			requirement = {
				kind = upToNextMajorVersion;
				minimumVersion = 0.9.2;
			};
		};
		F17BAC2E2B133D4C00FECB54 /* XCRemoteSwiftPackageReference "RxSwift" */ = {
			isa = XCRemoteSwiftPackageReference;
			repositoryURL = "https://github.com/ReactiveX/RxSwift";
			requirement = {
				kind = upToNextMajorVersion;
				minimumVersion = 6.6.0;
			};
		};
		F17BAC392B133D5800FECB54 /* XCRemoteSwiftPackageReference "SnapKit" */ = {
			isa = XCRemoteSwiftPackageReference;
			repositoryURL = "https://github.com/SnapKit/SnapKit";
			requirement = {
				kind = upToNextMajorVersion;
				minimumVersion = 5.6.0;
			};
		};
/* End XCRemoteSwiftPackageReference section */

/* Begin XCSwiftPackageProductDependency section */
		F17BAC292B133D3400FECB54 /* Markdown */ = {
			isa = XCSwiftPackageProductDependency;
			package = F17BAC282B133D3400FECB54 /* XCRemoteSwiftPackageReference "swift-markdown" */;
			productName = Markdown;
		};
		F17BAC2C2B133D4000FECB54 /* RIBs */ = {
			isa = XCSwiftPackageProductDependency;
			package = F17BAC2B2B133D4000FECB54 /* XCRemoteSwiftPackageReference "RIBs" */;
			productName = RIBs;
		};
		F17BAC2F2B133D4C00FECB54 /* RxBlocking */ = {
			isa = XCSwiftPackageProductDependency;
			package = F17BAC2E2B133D4C00FECB54 /* XCRemoteSwiftPackageReference "RxSwift" */;
			productName = RxBlocking;
		};
		F17BAC332B133D4C00FECB54 /* RxCocoa */ = {
			isa = XCSwiftPackageProductDependency;
			package = F17BAC2E2B133D4C00FECB54 /* XCRemoteSwiftPackageReference "RxSwift" */;
			productName = RxCocoa;
		};
		F17BAC372B133D4C00FECB54 /* RxRelay */ = {
			isa = XCSwiftPackageProductDependency;
			package = F17BAC2E2B133D4C00FECB54 /* XCRemoteSwiftPackageReference "RxSwift" */;
			productName = RxRelay;
		};
		F17BAC3A2B133D5800FECB54 /* SnapKit */ = {
			isa = XCSwiftPackageProductDependency;
			package = F17BAC392B133D5800FECB54 /* XCRemoteSwiftPackageReference "SnapKit" */;
			productName = SnapKit;
		};
		F17BAC412B13431100FECB54 /* RIBsUtil */ = {
			isa = XCSwiftPackageProductDependency;
			productName = RIBsUtil;
		};
		F17BAC432B13431100FECB54 /* RxUtil */ = {
			isa = XCSwiftPackageProductDependency;
			productName = RxUtil;
		};
		F17BAC462B13480A00FECB54 /* DesignKit */ = {
			isa = XCSwiftPackageProductDependency;
			productName = DesignKit;
		};
/* End XCSwiftPackageProductDependency section */
	};
	rootObject = F14CCC832B1335BA00E8BDA0 /* Project object */;
}
